github.com/joho/godotenv v1.5.1 h1:7eLL/+HRGLY0ldzfGMeQkb7vMd0as4CfYvUVzLqw0N0=
github.com/joho/godotenv v1.5.1/go.mod h1:f4LDr5Voq0i2e/R5DDNOoa2zzDfwtkZa6DnEwAbqwq4=
github.com/prometheus/client_golang v1.20.5 h1:cxppBPuYhUnsO6yo/aoRol4L7q7UFfdm+bR9r+8l63Y=
github.com/prometheus/client_golang v1.20.5/go.mod h1:PIEt8X02hGcP8JWbeHyeZ53Y/jReSnHgO035n//V5WE=
github.com/shirou/gopsutil/v4 v4.25.1 h1:QSWkTc+fu9LTAWfkZwZ6j8MSUk4A2LV7rbH0ZqmLjXs=
github.com/shirou/gopsutil/v4 v4.25.1/go.mod h1:RoUCUpndaJFtT+2zsZzzmhvbfGoDCJ7nFXKJf8GqJbI=
